# THIS IS AN AUTOGENERATED FILE. DO NOT EDIT THIS FILE DIRECTLY.
# yarn lockfile v1


"@esbuild/aix-ppc64@0.25.10":
  "integrity" "sha512-0NFWnA+7l41irNuaSVlLfgNT12caWJVLzp5eAVhZ0z1qpxbockccEt3s+149rE64VUI3Ml2zt8Nv5JVc4QXTsw=="
  "resolved" "https://registry.npmjs.org/@esbuild/aix-ppc64/-/aix-ppc64-0.25.10.tgz"
  "version" "0.25.10"

"@esbuild/android-arm@0.25.10":
  "integrity" "sha512-dQAxF1dW1C3zpeCDc5KqIYuZ1tgAdRXNoZP7vkBIRtKZPYe2xVr/d3SkirklCHudW1B45tGiUlz2pUWDfbDD4w=="
  "resolved" "https://registry.npmjs.org/@esbuild/android-arm/-/android-arm-0.25.10.tgz"
  "version" "0.25.10"

"@esbuild/android-arm64@0.25.10":
  "integrity" "sha512-LSQa7eDahypv/VO6WKohZGPSJDq5OVOo3UoFR1E4t4Gj1W7zEQMUhI+lo81H+DtB+kP+tDgBp+M4oNCwp6kffg=="
  "resolved" "https://registry.npmjs.org/@esbuild/android-arm64/-/android-arm64-0.25.10.tgz"
  "version" "0.25.10"

"@esbuild/android-x64@0.25.10":
  "integrity" "sha512-MiC9CWdPrfhibcXwr39p9ha1x0lZJ9KaVfvzA0Wxwz9ETX4v5CHfF09bx935nHlhi+MxhA63dKRRQLiVgSUtEg=="
  "resolved" "https://registry.npmjs.org/@esbuild/android-x64/-/android-x64-0.25.10.tgz"
  "version" "0.25.10"

"@esbuild/darwin-arm64@0.25.10":
  "integrity" "sha512-JC74bdXcQEpW9KkV326WpZZjLguSZ3DfS8wrrvPMHgQOIEIG/sPXEN/V8IssoJhbefLRcRqw6RQH2NnpdprtMA=="
  "resolved" "https://registry.npmjs.org/@esbuild/darwin-arm64/-/darwin-arm64-0.25.10.tgz"
  "version" "0.25.10"

"@esbuild/darwin-x64@0.25.10":
  "integrity" "sha512-tguWg1olF6DGqzws97pKZ8G2L7Ig1vjDmGTwcTuYHbuU6TTjJe5FXbgs5C1BBzHbJ2bo1m3WkQDbWO2PvamRcg=="
  "resolved" "https://registry.npmjs.org/@esbuild/darwin-x64/-/darwin-x64-0.25.10.tgz"
  "version" "0.25.10"

"@esbuild/freebsd-arm64@0.25.10":
  "integrity" "sha512-3ZioSQSg1HT2N05YxeJWYR+Libe3bREVSdWhEEgExWaDtyFbbXWb49QgPvFH8u03vUPX10JhJPcz7s9t9+boWg=="
  "resolved" "https://registry.npmjs.org/@esbuild/freebsd-arm64/-/freebsd-arm64-0.25.10.tgz"
  "version" "0.25.10"

"@esbuild/freebsd-x64@0.25.10":
  "integrity" "sha512-LLgJfHJk014Aa4anGDbh8bmI5Lk+QidDmGzuC2D+vP7mv/GeSN+H39zOf7pN5N8p059FcOfs2bVlrRr4SK9WxA=="
  "resolved" "https://registry.npmjs.org/@esbuild/freebsd-x64/-/freebsd-x64-0.25.10.tgz"
  "version" "0.25.10"

"@esbuild/linux-arm@0.25.10":
  "integrity" "sha512-oR31GtBTFYCqEBALI9r6WxoU/ZofZl962pouZRTEYECvNF/dtXKku8YXcJkhgK/beU+zedXfIzHijSRapJY3vg=="
  "resolved" "https://registry.npmjs.org/@esbuild/linux-arm/-/linux-arm-0.25.10.tgz"
  "version" "0.25.10"

"@esbuild/linux-arm64@0.25.10":
  "integrity" "sha512-5luJWN6YKBsawd5f9i4+c+geYiVEw20FVW5x0v1kEMWNq8UctFjDiMATBxLvmmHA4bf7F6hTRaJgtghFr9iziQ=="
  "resolved" "https://registry.npmjs.org/@esbuild/linux-arm64/-/linux-arm64-0.25.10.tgz"
  "version" "0.25.10"

"@esbuild/linux-ia32@0.25.10":
  "integrity" "sha512-NrSCx2Kim3EnnWgS4Txn0QGt0Xipoumb6z6sUtl5bOEZIVKhzfyp/Lyw4C1DIYvzeW/5mWYPBFJU3a/8Yr75DQ=="
  "resolved" "https://registry.npmjs.org/@esbuild/linux-ia32/-/linux-ia32-0.25.10.tgz"
  "version" "0.25.10"

"@esbuild/linux-loong64@0.25.10":
  "integrity" "sha512-xoSphrd4AZda8+rUDDfD9J6FUMjrkTz8itpTITM4/xgerAZZcFW7Dv+sun7333IfKxGG8gAq+3NbfEMJfiY+Eg=="
  "resolved" "https://registry.npmjs.org/@esbuild/linux-loong64/-/linux-loong64-0.25.10.tgz"
  "version" "0.25.10"

"@esbuild/linux-mips64el@0.25.10":
  "integrity" "sha512-ab6eiuCwoMmYDyTnyptoKkVS3k8fy/1Uvq7Dj5czXI6DF2GqD2ToInBI0SHOp5/X1BdZ26RKc5+qjQNGRBelRA=="
  "resolved" "https://registry.npmjs.org/@esbuild/linux-mips64el/-/linux-mips64el-0.25.10.tgz"
  "version" "0.25.10"

"@esbuild/linux-ppc64@0.25.10":
  "integrity" "sha512-NLinzzOgZQsGpsTkEbdJTCanwA5/wozN9dSgEl12haXJBzMTpssebuXR42bthOF3z7zXFWH1AmvWunUCkBE4EA=="
  "resolved" "https://registry.npmjs.org/@esbuild/linux-ppc64/-/linux-ppc64-0.25.10.tgz"
  "version" "0.25.10"

"@esbuild/linux-riscv64@0.25.10":
  "integrity" "sha512-FE557XdZDrtX8NMIeA8LBJX3dC2M8VGXwfrQWU7LB5SLOajfJIxmSdyL/gU1m64Zs9CBKvm4UAuBp5aJ8OgnrA=="
  "resolved" "https://registry.npmjs.org/@esbuild/linux-riscv64/-/linux-riscv64-0.25.10.tgz"
  "version" "0.25.10"

"@esbuild/linux-s390x@0.25.10":
  "integrity" "sha512-3BBSbgzuB9ajLoVZk0mGu+EHlBwkusRmeNYdqmznmMc9zGASFjSsxgkNsqmXugpPk00gJ0JNKh/97nxmjctdew=="
  "resolved" "https://registry.npmjs.org/@esbuild/linux-s390x/-/linux-s390x-0.25.10.tgz"
  "version" "0.25.10"

"@esbuild/linux-x64@0.25.10":
  "integrity" "sha512-QSX81KhFoZGwenVyPoberggdW1nrQZSvfVDAIUXr3WqLRZGZqWk/P4T8p2SP+de2Sr5HPcvjhcJzEiulKgnxtA=="
  "resolved" "https://registry.npmjs.org/@esbuild/linux-x64/-/linux-x64-0.25.10.tgz"
  "version" "0.25.10"

"@esbuild/netbsd-arm64@0.25.10":
  "integrity" "sha512-AKQM3gfYfSW8XRk8DdMCzaLUFB15dTrZfnX8WXQoOUpUBQ+NaAFCP1kPS/ykbbGYz7rxn0WS48/81l9hFl3u4A=="
  "resolved" "https://registry.npmjs.org/@esbuild/netbsd-arm64/-/netbsd-arm64-0.25.10.tgz"
  "version" "0.25.10"

"@esbuild/netbsd-x64@0.25.10":
  "integrity" "sha512-7RTytDPGU6fek/hWuN9qQpeGPBZFfB4zZgcz2VK2Z5VpdUxEI8JKYsg3JfO0n/Z1E/6l05n0unDCNc4HnhQGig=="
  "resolved" "https://registry.npmjs.org/@esbuild/netbsd-x64/-/netbsd-x64-0.25.10.tgz"
  "version" "0.25.10"

"@esbuild/openbsd-arm64@0.25.10":
  "integrity" "sha512-5Se0VM9Wtq797YFn+dLimf2Zx6McttsH2olUBsDml+lm0GOCRVebRWUvDtkY4BWYv/3NgzS8b/UM3jQNh5hYyw=="
  "resolved" "https://registry.npmjs.org/@esbuild/openbsd-arm64/-/openbsd-arm64-0.25.10.tgz"
  "version" "0.25.10"

"@esbuild/openbsd-x64@0.25.10":
  "integrity" "sha512-XkA4frq1TLj4bEMB+2HnI0+4RnjbuGZfet2gs/LNs5Hc7D89ZQBHQ0gL2ND6Lzu1+QVkjp3x1gIcPKzRNP8bXw=="
  "resolved" "https://registry.npmjs.org/@esbuild/openbsd-x64/-/openbsd-x64-0.25.10.tgz"
  "version" "0.25.10"

"@esbuild/openharmony-arm64@0.25.10":
  "integrity" "sha512-AVTSBhTX8Y/Fz6OmIVBip9tJzZEUcY8WLh7I59+upa5/GPhh2/aM6bvOMQySspnCCHvFi79kMtdJS1w0DXAeag=="
  "resolved" "https://registry.npmjs.org/@esbuild/openharmony-arm64/-/openharmony-arm64-0.25.10.tgz"
  "version" "0.25.10"

"@esbuild/sunos-x64@0.25.10":
  "integrity" "sha512-fswk3XT0Uf2pGJmOpDB7yknqhVkJQkAQOcW/ccVOtfx05LkbWOaRAtn5SaqXypeKQra1QaEa841PgrSL9ubSPQ=="
  "resolved" "https://registry.npmjs.org/@esbuild/sunos-x64/-/sunos-x64-0.25.10.tgz"
  "version" "0.25.10"

"@esbuild/win32-arm64@0.25.10":
  "integrity" "sha512-ah+9b59KDTSfpaCg6VdJoOQvKjI33nTaQr4UluQwW7aEwZQsbMCfTmfEO4VyewOxx4RaDT/xCy9ra2GPWmO7Kw=="
  "resolved" "https://registry.npmjs.org/@esbuild/win32-arm64/-/win32-arm64-0.25.10.tgz"
  "version" "0.25.10"

"@esbuild/win32-ia32@0.25.10":
  "integrity" "sha512-QHPDbKkrGO8/cz9LKVnJU22HOi4pxZnZhhA2HYHez5Pz4JeffhDjf85E57Oyco163GnzNCVkZK0b/n4Y0UHcSw=="
  "resolved" "https://registry.npmjs.org/@esbuild/win32-ia32/-/win32-ia32-0.25.10.tgz"
  "version" "0.25.10"

"@esbuild/win32-x64@0.25.10":
  "integrity" "sha512-9KpxSVFCu0iK1owoez6aC/s/EdUQLDN3adTxGCqxMVhrPDj6bt5dbrHDXUuq+Bs2vATFBBrQS5vdQ/Ed2P+nbw=="
  "resolved" "https://registry.npmjs.org/@esbuild/win32-x64/-/win32-x64-0.25.10.tgz"
  "version" "0.25.10"

"@noble/curves@~1.4.0", "@noble/curves@1.4.2":
  "integrity" "sha512-TavHr8qycMChk8UwMld0ZDRvatedkzWfH8IiaeGCfymOP5i0hSCozz9vHOL0nkwk7HRMlFnAiKpS2jrUmSybcw=="
  "resolved" "https://registry.npmjs.org/@noble/curves/-/curves-1.4.2.tgz"
  "version" "1.4.2"
  dependencies:
    "@noble/hashes" "1.4.0"

"@noble/curves@~1.8.1":
  "integrity" "sha512-vnI7V6lFNe0tLAuJMu+2sX+FcL14TaCWy1qiczg1VwRmPrpQCdq5ESXQMqUc2tluRNf6irBXrWbl1mGN8uaU/g=="
  "resolved" "https://registry.npmjs.org/@noble/curves/-/curves-1.8.2.tgz"
  "version" "1.8.2"
  dependencies:
    "@noble/hashes" "1.7.2"

"@noble/hashes@~1.4.0", "@noble/hashes@1.4.0":
  "integrity" "sha512-V1JJ1WTRUqHHrOSh597hURcMqVKVGL/ea3kv0gSnEdsEZ0/+VyPghM1lMNGc00z7CIQorSvbKpuJkxvuHbvdbg=="
  "resolved" "https://registry.npmjs.org/@noble/hashes/-/hashes-1.4.0.tgz"
  "version" "1.4.0"

"@noble/hashes@~1.7.1", "@noble/hashes@1.7.2":
  "integrity" "sha512-biZ0NUSxyjLLqo6KxEJ1b+C2NAx0wtDoFvCaXHGgUkeHzf3Xc1xKumFKREuT7f7DARNZ/slvYUwFG6B0f2b6hQ=="
  "resolved" "https://registry.npmjs.org/@noble/hashes/-/hashes-1.7.2.tgz"
  "version" "1.7.2"

"@nomicfoundation/edr-darwin-arm64@0.12.0-next.5":
  "integrity" "sha512-LfDxE/Q+wsToSL17Rf6HNaqfp3v4G9AGwjzfCa3momYw9QhMiELfB4nPm93qt3pwwuiCCqqpdURFdC8oYmVHfg=="
  "resolved" "https://registry.npmjs.org/@nomicfoundation/edr-darwin-arm64/-/edr-darwin-arm64-0.12.0-next.5.tgz"
  "version" "0.12.0-next.5"

"@nomicfoundation/edr-darwin-x64@0.12.0-next.5":
  "integrity" "sha512-jKTBN90XOTFkeg0BgxmXemvUUuC0fr2vwekMcxLhW2zb0E6oO/DM5ApSz4KoQhefVZCOFFvmj0Za5Cgr27accg=="
  "resolved" "https://registry.npmjs.org/@nomicfoundation/edr-darwin-x64/-/edr-darwin-x64-0.12.0-next.5.tgz"
  "version" "0.12.0-next.5"

"@nomicfoundation/edr-linux-arm64-gnu@0.12.0-next.5":
  "integrity" "sha512-aBe22ybgRdgSCVBtw5x8w25wwHhQa1B1mrcmHeFadW5lBM4thOwpq4xeNcdRhID7ZSkJvRTCe9KA1yCn2EYdbw=="
  "resolved" "https://registry.npmjs.org/@nomicfoundation/edr-linux-arm64-gnu/-/edr-linux-arm64-gnu-0.12.0-next.5.tgz"
  "version" "0.12.0-next.5"

"@nomicfoundation/edr-linux-arm64-musl@0.12.0-next.5":
  "integrity" "sha512-168VcV9HcUY6rRmZNb2wHWWQJ82BZmu4if17MnQSeqT/u77hObjx4P7rfFpcOxfnuEbP2NEgAZsA7uU2bMcRMQ=="
  "resolved" "https://registry.npmjs.org/@nomicfoundation/edr-linux-arm64-musl/-/edr-linux-arm64-musl-0.12.0-next.5.tgz"
  "version" "0.12.0-next.5"

"@nomicfoundation/edr-linux-x64-gnu@0.12.0-next.5":
  "integrity" "sha512-C0N9zBEMGwYO5Is9dYuvM2Bl/0y1ornF6xRmnaaMOEf9y6grjC84Ip33fnySNG4nGcjHMYrS2RBC/Lm+rg4BcA=="
  "resolved" "https://registry.npmjs.org/@nomicfoundation/edr-linux-x64-gnu/-/edr-linux-x64-gnu-0.12.0-next.5.tgz"
  "version" "0.12.0-next.5"

"@nomicfoundation/edr-linux-x64-musl@0.12.0-next.5":
  "integrity" "sha512-BqCg+I4/r833BH4bVA/0oAYTvfg7GHpUq0DTRqaAwTD1bWTD48rIEtKBYZ6KEDQNB3NQEi5CMz50G9ziteaq0A=="
  "resolved" "https://registry.npmjs.org/@nomicfoundation/edr-linux-x64-musl/-/edr-linux-x64-musl-0.12.0-next.5.tgz"
  "version" "0.12.0-next.5"

"@nomicfoundation/edr-win32-x64-msvc@0.12.0-next.5":
  "integrity" "sha512-5bp+w+dVxe5vxzQY0N+R1wuk6heCgSKqPLz5mjiU5SP/LtynF7mV2siXXCi+NGOM3sV04oUzLfR8K+c83Za5sw=="
  "resolved" "https://registry.npmjs.org/@nomicfoundation/edr-win32-x64-msvc/-/edr-win32-x64-msvc-0.12.0-next.5.tgz"
  "version" "0.12.0-next.5"

"@nomicfoundation/edr@0.12.0-next.5":
  "integrity" "sha512-VhjH0OyKGtWqGeOMGICGsj2l0+7SyQWXp00wuY0hkG+vt1XH2G404L0CK9+qWEPcoZu9/LFcVGVs+Bb1XWvDPA=="
  "resolved" "https://registry.npmjs.org/@nomicfoundation/edr/-/edr-0.12.0-next.5.tgz"
  "version" "0.12.0-next.5"
  optionalDependencies:
    "@nomicfoundation/edr-darwin-arm64" "0.12.0-next.5"
    "@nomicfoundation/edr-darwin-x64" "0.12.0-next.5"
    "@nomicfoundation/edr-linux-arm64-gnu" "0.12.0-next.5"
    "@nomicfoundation/edr-linux-arm64-musl" "0.12.0-next.5"
    "@nomicfoundation/edr-linux-x64-gnu" "0.12.0-next.5"
    "@nomicfoundation/edr-linux-x64-musl" "0.12.0-next.5"
    "@nomicfoundation/edr-win32-x64-msvc" "0.12.0-next.5"

"@nomicfoundation/hardhat-errors@^3.0.0", "@nomicfoundation/hardhat-errors@^3.0.2":
  "integrity" "sha512-8n4HZ0lfAFSw3SU1mrDXWslh11jH4W5MRyG9yT4d/vzx37uA3JBIzVQlnGVvE2ejl1QzqOqOxDuQqANWEzI9/w=="
  "resolved" "https://registry.npmjs.org/@nomicfoundation/hardhat-errors/-/hardhat-errors-3.0.2.tgz"
  "version" "3.0.2"
  dependencies:
    "@nomicfoundation/hardhat-utils" "^3.0.1"

"@nomicfoundation/hardhat-utils@^3.0.1", "@nomicfoundation/hardhat-utils@^3.0.2":
  "integrity" "sha512-d/LYe9k9W56dimt6mY6SA1SjadSKKyHZC2S+0JsSFr4BjU4SHBDaM0cKWx44JdZqBdMjLWCiRBcVaIq3X8qTAA=="
  "resolved" "https://registry.npmjs.org/@nomicfoundation/hardhat-utils/-/hardhat-utils-3.0.2.tgz"
  "version" "3.0.2"
  dependencies:
    "@streamparser/json-node" "^0.0.22"
    "debug" "^4.3.2"
    "env-paths" "^2.2.0"
    "ethereum-cryptography" "^2.2.1"
    "fast-equals" "^5.0.1"
    "json-stream-stringify" "^3.1.6"
    "rfdc" "^1.3.1"
    "undici" "^6.16.1"

"@nomicfoundation/hardhat-zod-utils@^3.0.1":
  "integrity" "sha512-I6/pyYiS9p2lLkzQuedr1ScMocH+ew8l233xTi+LP92gjEiviJDxselpkzgU01MUM0t6BPpfP8yMO958LDEJVg=="
  "resolved" "https://registry.npmjs.org/@nomicfoundation/hardhat-zod-utils/-/hardhat-zod-utils-3.0.1.tgz"
  "version" "3.0.1"
  dependencies:
    "@nomicfoundation/hardhat-errors" "^3.0.0"
    "@nomicfoundation/hardhat-utils" "^3.0.2"

"@nomicfoundation/solidity-analyzer-darwin-arm64@0.1.2":
  "integrity" "sha512-JaqcWPDZENCvm++lFFGjrDd8mxtf+CtLd2MiXvMNTBD33dContTZ9TWETwNFwg7JTJT5Q9HEecH7FA+HTSsIUw=="
  "resolved" "https://registry.npmjs.org/@nomicfoundation/solidity-analyzer-darwin-arm64/-/solidity-analyzer-darwin-arm64-0.1.2.tgz"
  "version" "0.1.2"

"@nomicfoundation/solidity-analyzer-darwin-x64@0.1.2":
  "integrity" "sha512-fZNmVztrSXC03e9RONBT+CiksSeYcxI1wlzqyr0L7hsQlK1fzV+f04g2JtQ1c/Fe74ZwdV6aQBdd6Uwl1052sw=="
  "resolved" "https://registry.npmjs.org/@nomicfoundation/solidity-analyzer-darwin-x64/-/solidity-analyzer-darwin-x64-0.1.2.tgz"
  "version" "0.1.2"

"@nomicfoundation/solidity-analyzer-linux-arm64-gnu@0.1.2":
  "integrity" "sha512-3d54oc+9ZVBuB6nbp8wHylk4xh0N0Gc+bk+/uJae+rUgbOBwQSfuGIbAZt1wBXs5REkSmynEGcqx6DutoK0tPA=="
  "resolved" "https://registry.npmjs.org/@nomicfoundation/solidity-analyzer-linux-arm64-gnu/-/solidity-analyzer-linux-arm64-gnu-0.1.2.tgz"
  "version" "0.1.2"

"@nomicfoundation/solidity-analyzer-linux-arm64-musl@0.1.2":
  "integrity" "sha512-iDJfR2qf55vgsg7BtJa7iPiFAsYf2d0Tv/0B+vhtnI16+wfQeTbP7teookbGvAo0eJo7aLLm0xfS/GTkvHIucA=="
  "resolved" "https://registry.npmjs.org/@nomicfoundation/solidity-analyzer-linux-arm64-musl/-/solidity-analyzer-linux-arm64-musl-0.1.2.tgz"
  "version" "0.1.2"

"@nomicfoundation/solidity-analyzer-linux-x64-gnu@0.1.2":
  "integrity" "sha512-9dlHMAt5/2cpWyuJ9fQNOUXFB/vgSFORg1jpjX1Mh9hJ/MfZXlDdHQ+DpFCs32Zk5pxRBb07yGvSHk9/fezL+g=="
  "resolved" "https://registry.npmjs.org/@nomicfoundation/solidity-analyzer-linux-x64-gnu/-/solidity-analyzer-linux-x64-gnu-0.1.2.tgz"
  "version" "0.1.2"

"@nomicfoundation/solidity-analyzer-linux-x64-musl@0.1.2":
  "integrity" "sha512-GzzVeeJob3lfrSlDKQw2bRJ8rBf6mEYaWY+gW0JnTDHINA0s2gPR4km5RLIj1xeZZOYz4zRw+AEeYgLRqB2NXg=="
  "resolved" "https://registry.npmjs.org/@nomicfoundation/solidity-analyzer-linux-x64-musl/-/solidity-analyzer-linux-x64-musl-0.1.2.tgz"
  "version" "0.1.2"

"@nomicfoundation/solidity-analyzer-win32-x64-msvc@0.1.2":
  "integrity" "sha512-Fdjli4DCcFHb4Zgsz0uEJXZ2K7VEO+w5KVv7HmT7WO10iODdU9csC2az4jrhEsRtiR9Gfd74FlG0NYlw1BMdyA=="
  "resolved" "https://registry.npmjs.org/@nomicfoundation/solidity-analyzer-win32-x64-msvc/-/solidity-analyzer-win32-x64-msvc-0.1.2.tgz"
  "version" "0.1.2"

"@nomicfoundation/solidity-analyzer@^0.1.1":
  "integrity" "sha512-q4n32/FNKIhQ3zQGGw5CvPF6GTvDCpYwIf7bEY/dZTZbgfDsHyjJwURxUJf3VQuuJj+fDIFl4+KkBVbw4Ef6jA=="
  "resolved" "https://registry.npmjs.org/@nomicfoundation/solidity-analyzer/-/solidity-analyzer-0.1.2.tgz"
  "version" "0.1.2"
  optionalDependencies:
    "@nomicfoundation/solidity-analyzer-darwin-arm64" "0.1.2"
    "@nomicfoundation/solidity-analyzer-darwin-x64" "0.1.2"
    "@nomicfoundation/solidity-analyzer-linux-arm64-gnu" "0.1.2"
    "@nomicfoundation/solidity-analyzer-linux-arm64-musl" "0.1.2"
    "@nomicfoundation/solidity-analyzer-linux-x64-gnu" "0.1.2"
    "@nomicfoundation/solidity-analyzer-linux-x64-musl" "0.1.2"
    "@nomicfoundation/solidity-analyzer-win32-x64-msvc" "0.1.2"

"@openzeppelin/contracts-upgradeable@^4.4.2", "@openzeppelin/contracts-upgradeable@^4.9.3":
  "integrity" "sha512-m4iHazOsOCv1DgM7eD7GupTJ+NFVujRZt1wzddDPSVGpWdKq1SKkla5htKG7+IS4d2XOCtzkUNwRZ7Vq5aEUMA=="
  "resolved" "https://registry.npmjs.org/@openzeppelin/contracts-upgradeable/-/contracts-upgradeable-4.9.6.tgz"
  "version" "4.9.6"

"@openzeppelin/contracts@^4.9.3":
  "integrity" "sha512-xSmezSupL+y9VkHZJGDoCBpmnB2ogM13ccaYDWqJTfS3dbuHkgjuwDFUmaFauBCboQMGB/S5UqUl2y54X99BmA=="
  "resolved" "https://registry.npmjs.org/@openzeppelin/contracts/-/contracts-4.9.6.tgz"
  "version" "4.9.6"

"@scure/base@~1.1.6":
  "integrity" "sha512-8YKhl8GHiNI/pU2VMaofa2Tor7PJRAjwQLBBuilkJ9L5+13yVbC7JO/wS7piioAvPSwR3JKM1IJ/u4xQzbcXKg=="
  "resolved" "https://registry.npmjs.org/@scure/base/-/base-1.1.9.tgz"
  "version" "1.1.9"

"@scure/base@~1.2.5":
  "integrity" "sha512-g/nm5FgUa//MCj1gV09zTJTaM6KBAHqLN907YVQqf7zC49+DcO4B1so4ZX07Ef10Twr6nuqYEH9GEggFXA4Fmg=="
  "resolved" "https://registry.npmjs.org/@scure/base/-/base-1.2.6.tgz"
  "version" "1.2.6"

"@scure/bip32@1.4.0":
  "integrity" "sha512-sVUpc0Vq3tXCkDGYVWGIZTRfnvu8LoTDaev7vbwh0omSvVORONr960MQWdKqJDCReIEmTj3PAr73O3aoxz7OPg=="
  "resolved" "https://registry.npmjs.org/@scure/bip32/-/bip32-1.4.0.tgz"
  "version" "1.4.0"
  dependencies:
    "@noble/curves" "~1.4.0"
    "@noble/hashes" "~1.4.0"
    "@scure/base" "~1.1.6"

"@scure/bip39@1.3.0":
  "integrity" "sha512-disdg7gHuTDZtY+ZdkmLpPCk7fxZSu3gBiEGuoC1XYxv9cGx3Z6cpTggCgW6odSOOIXCiDjuGejW+aJKCY/pIQ=="
  "resolved" "https://registry.npmjs.org/@scure/bip39/-/bip39-1.3.0.tgz"
  "version" "1.3.0"
  dependencies:
    "@noble/hashes" "~1.4.0"
    "@scure/base" "~1.1.6"

"@sentry/core@^9.4.0":
  "integrity" "sha512-it7JMFqxVproAgEtbLgCVBYtQ9fIb+Bu0JD+cEplTN/Ukpe6GaolyYib5geZqslVxhp2sQgT+58aGvfd/k0N8Q=="
  "resolved" "https://registry.npmjs.org/@sentry/core/-/core-9.46.0.tgz"
  "version" "9.46.0"

"@streamparser/json-node@^0.0.22":
  "integrity" "sha512-sJT2ptNRwqB1lIsQrQlCoWk5rF4tif9wDh+7yluAGijJamAhrHGYpFB/Zg3hJeceoZypi74ftXk8DHzwYpbZSg=="
  "resolved" "https://registry.npmjs.org/@streamparser/json-node/-/json-node-0.0.22.tgz"
  "version" "0.0.22"
  dependencies:
    "@streamparser/json" "^0.0.22"

"@streamparser/json@^0.0.22":
  "integrity" "sha512-b6gTSBjJ8G8SuO3Gbbj+zXbVx8NSs1EbpbMKpzGLWMdkR+98McH9bEjSz3+0mPJf68c5nxa3CrJHp5EQNXM6zQ=="
  "resolved" "https://registry.npmjs.org/@streamparser/json/-/json-0.0.22.tgz"
  "version" "0.0.22"

"@thirdweb-dev/contracts@^3":
  "integrity" "sha512-sIXPy6zNqW9K9h8xgCnsRQVrqmmMdxoDqut4eAZj1CJzMax5TyrNBoSYCfAX0et8KApvBeCVeJQhUHSWpBNIVw=="
  "resolved" "https://registry.npmjs.org/@thirdweb-dev/contracts/-/contracts-3.15.0.tgz"
  "version" "3.15.0"
  dependencies:
    "@openzeppelin/contracts" "^4.9.3"
    "@openzeppelin/contracts-upgradeable" "^4.9.3"
    "@thirdweb-dev/dynamic-contracts" "^1.2.4"
    "erc721a-upgradeable" "^3.3.0"
    "solady" "0.0.180"

"@thirdweb-dev/dynamic-contracts@^1.2.4":
  "integrity" "sha512-YVsz+jUWbwj+6aF2eTZGMfyw47a1HRmgNl4LQ3gW9gwYL5y5+OX/yOzv6aV5ibvoqCk/k10aIVK2eFrcpMubQA=="
  "resolved" "https://registry.npmjs.org/@thirdweb-dev/dynamic-contracts/-/dynamic-contracts-1.2.5.tgz"
  "version" "1.2.5"

"adm-zip@^0.4.16":
  "integrity" "sha512-TFi4HBKSGfIKsK5YCkKaaFG2m4PEDyViZmEwof3MTIgzimHLto6muaHVpbrljdIvIrFZzEq/p4nafOeLcYegrg=="
  "resolved" "https://registry.npmjs.org/adm-zip/-/adm-zip-0.4.16.tgz"
  "version" "0.4.16"

"ansi-colors@^4.1.1":
  "integrity" "sha512-/6w/C21Pm1A7aZitlI5Ni/2J6FFQN8i1Cvz3kHABAAbw93v/NlvKdVOqz7CCWz/3iv/JplRSEEZ83XION15ovw=="
  "resolved" "https://registry.npmjs.org/ansi-colors/-/ansi-colors-4.1.3.tgz"
  "version" "4.1.3"

"chalk@^5.3.0":
  "integrity" "sha512-7NzBL0rN6fMUW+f7A6Io4h40qQlG+xGmtMxfbnH/K7TAtt8JQWVQK+6g0UXKMeVJoyV5EkkNsErQ8pVD3bLHbA=="
  "resolved" "https://registry.npmjs.org/chalk/-/chalk-5.6.2.tgz"
  "version" "5.6.2"

"debug@^4.3.2":
  "integrity" "sha512-RGwwWnwQvkVfavKVt22FGLw+xYSdzARwm0ru6DhTVA3umU5hZc28V3kO4stgYryrTlLpuvgI9GiijltAjNbcqA=="
  "resolved" "https://registry.npmjs.org/debug/-/debug-4.4.3.tgz"
  "version" "4.4.3"
  dependencies:
    "ms" "^2.1.3"

"dotenv@^17.0.0":
  "integrity" "sha512-kQhDYKZecqnM0fCnzI5eIv5L4cAe/iRI+HqMbO/hbRdTAeXDG+M9FjipUxNfbARuEg4iHIbhnhs78BCHNbSxEQ=="
  "resolved" "https://registry.npmjs.org/dotenv/-/dotenv-17.2.1.tgz"
  "version" "17.2.1"

"enquirer@^2.3.0":
  "integrity" "sha512-yjNnPr315/FjS4zIsUxYguYUPP2e1NK4d7E7ZOLiyYCcbFBiTMyID+2wvm2w6+pZ/odMA7cRkjhsPbltwBOrLg=="
  "resolved" "https://registry.npmjs.org/enquirer/-/enquirer-2.3.6.tgz"
  "version" "2.3.6"
  dependencies:
    "ansi-colors" "^4.1.1"

"env-paths@^2.2.0":
  "integrity" "sha512-+h1lkLKhZMTYjog1VEpJNG7NZJWcuc2DDk/qsqSTRRCOXiLjeQ1d1/udrUGhqMxUgAlwKNZ0cf2uqan5GLuS2A=="
  "resolved" "https://registry.npmjs.org/env-paths/-/env-paths-2.2.1.tgz"
  "version" "2.2.1"

"erc721a-upgradeable@^3.3.0":
  "integrity" "sha512-ILE0SjKuvhx+PABG0A/41QUp0MFiYmzrgo71htQ0Ov6JfDOmgUzGxDW8gZuYfKrdlYjNwSAqMpUFWBbyW3sWBA=="
  "resolved" "https://registry.npmjs.org/erc721a-upgradeable/-/erc721a-upgradeable-3.3.0.tgz"
  "version" "3.3.0"
  dependencies:
    "@openzeppelin/contracts-upgradeable" "^4.4.2"

"esbuild@~0.25.0":
  "integrity" "sha512-9RiGKvCwaqxO2owP61uQ4BgNborAQskMR6QusfWzQqv7AZOg5oGehdY2pRJMTKuwxd1IDBP4rSbI5lHzU7SMsQ=="
  "resolved" "https://registry.npmjs.org/esbuild/-/esbuild-0.25.10.tgz"
  "version" "0.25.10"
  optionalDependencies:
    "@esbuild/aix-ppc64" "0.25.10"
    "@esbuild/android-arm" "0.25.10"
    "@esbuild/android-arm64" "0.25.10"
    "@esbuild/android-x64" "0.25.10"
    "@esbuild/darwin-arm64" "0.25.10"
    "@esbuild/darwin-x64" "0.25.10"
    "@esbuild/freebsd-arm64" "0.25.10"
    "@esbuild/freebsd-x64" "0.25.10"
    "@esbuild/linux-arm" "0.25.10"
    "@esbuild/linux-arm64" "0.25.10"
    "@esbuild/linux-ia32" "0.25.10"
    "@esbuild/linux-loong64" "0.25.10"
    "@esbuild/linux-mips64el" "0.25.10"
    "@esbuild/linux-ppc64" "0.25.10"
    "@esbuild/linux-riscv64" "0.25.10"
    "@esbuild/linux-s390x" "0.25.10"
    "@esbuild/linux-x64" "0.25.10"
    "@esbuild/netbsd-arm64" "0.25.10"
    "@esbuild/netbsd-x64" "0.25.10"
    "@esbuild/openbsd-arm64" "0.25.10"
    "@esbuild/openbsd-x64" "0.25.10"
    "@esbuild/openharmony-arm64" "0.25.10"
    "@esbuild/sunos-x64" "0.25.10"
    "@esbuild/win32-arm64" "0.25.10"
    "@esbuild/win32-ia32" "0.25.10"
    "@esbuild/win32-x64" "0.25.10"

"ethereum-cryptography@^2.2.1":
  "integrity" "sha512-r/W8lkHSiTLxUxW8Rf3u4HGB0xQweG2RyETjywylKZSzLWoWAijRz8WCuOtJ6wah+avllXBqZuk29HCCvhEIRg=="
  "resolved" "https://registry.npmjs.org/ethereum-cryptography/-/ethereum-cryptography-2.2.1.tgz"
  "version" "2.2.1"
  dependencies:
    "@noble/curves" "1.4.2"
    "@noble/hashes" "1.4.0"
    "@scure/bip32" "1.4.0"
    "@scure/bip39" "1.3.0"

"fast-equals@^5.0.1":
  "integrity" "sha512-xwP+dG/in/nJelMOUEQBiIYeOoHKihWPB2sNZ8ZeDbZFoGb1OwTGMggGRgg6CRitNx7kmHgtIz2dOHDQ8Ap7Bw=="
  "resolved" "https://registry.npmjs.org/fast-equals/-/fast-equals-5.3.0.tgz"
  "version" "5.3.0"

"fsevents@~2.3.3":
  "integrity" "sha512-5xoDfX+fL7faATnagmWPpbFtwh/R77WmMMqqHGS65C3vvB0YHrgF+B1YmZ3441tMj5n63k0212XNoJwzlhffQw=="
  "resolved" "https://registry.npmjs.org/fsevents/-/fsevents-2.3.3.tgz"
  "version" "2.3.3"

"get-tsconfig@^4.7.5":
  "integrity" "sha512-auHyJ4AgMz7vgS8Hp3N6HXSmlMdUyhSUrfBF16w153rxtLIEOE+HGqaBppczZvnHLqQJfiHotCYpNhl0lUROFQ=="
  "resolved" "https://registry.npmjs.org/get-tsconfig/-/get-tsconfig-4.10.1.tgz"
  "version" "4.10.1"
  dependencies:
    "resolve-pkg-maps" "^1.0.0"

"hardhat@^3.0.0":
  "integrity" "sha512-x/h1ZAea4cuFsl4dTxLXd5H4dicadEVzYv2ytxIuLL9AJ6gAqSre9jyJSYWxnHmevjrB9R/RMv5oqHHRCjyk4g=="
  "resolved" "https://registry.npmjs.org/hardhat/-/hardhat-3.0.6.tgz"
  "version" "3.0.6"
  dependencies:
    "@nomicfoundation/edr" "0.12.0-next.5"
    "@nomicfoundation/hardhat-errors" "^3.0.2"
    "@nomicfoundation/hardhat-utils" "^3.0.2"
    "@nomicfoundation/hardhat-zod-utils" "^3.0.1"
    "@nomicfoundation/solidity-analyzer" "^0.1.1"
    "@sentry/core" "^9.4.0"
    "adm-zip" "^0.4.16"
    "chalk" "^5.3.0"
    "debug" "^4.3.2"
    "enquirer" "^2.3.0"
    "ethereum-cryptography" "^2.2.1"
    "micro-eth-signer" "^0.14.0"
    "p-map" "^7.0.2"
    "resolve.exports" "^2.0.3"
    "semver" "^7.6.3"
    "tsx" "^4.19.3"
    "ws" "^8.18.0"
    "zod" "^3.23.8"

"json-stream-stringify@^3.1.6":
  "integrity" "sha512-x7fpwxOkbhFCaJDJ8vb1fBY3DdSa4AlITaz+HHILQJzdPMnHEFjxPwVUi1ALIbcIxDE0PNe/0i7frnY8QnBQog=="
  "resolved" "https://registry.npmjs.org/json-stream-stringify/-/json-stream-stringify-3.1.6.tgz"
  "version" "3.1.6"

"micro-eth-signer@^0.14.0":
  "integrity" "sha512-5PLLzHiVYPWClEvZIXXFu5yutzpadb73rnQCpUqIHu3No3coFuWQNfE5tkBQJ7djuLYl6aRLaS0MgWJYGoqiBw=="
  "resolved" "https://registry.npmjs.org/micro-eth-signer/-/micro-eth-signer-0.14.0.tgz"
  "version" "0.14.0"
  dependencies:
    "@noble/curves" "~1.8.1"
    "@noble/hashes" "~1.7.1"
    "micro-packed" "~0.7.2"

"micro-packed@~0.7.2":
  "integrity" "sha512-2Milxs+WNC00TRlem41oRswvw31146GiSaoCT7s3Xi2gMUglW5QBeqlQaZeHr5tJx9nm3i57LNXPqxOOaWtTYg=="
  "resolved" "https://registry.npmjs.org/micro-packed/-/micro-packed-0.7.3.tgz"
  "version" "0.7.3"
  dependencies:
    "@scure/base" "~1.2.5"

"ms@^2.1.3":
  "integrity" "sha512-6FlzubTLZG3J2a/NVCAleEhjzq5oxgHyaCU9yYXvcLsvoVaHJq/s5xXI6/XXP6tz7R9xAOtHnSO/tXtF3WRTlA=="
  "resolved" "https://registry.npmjs.org/ms/-/ms-2.1.3.tgz"
  "version" "2.1.3"

"p-map@^7.0.2":
  "integrity" "sha512-VkndIv2fIB99swvQoA65bm+fsmt6UNdGeIB0oxBs+WhAhdh08QA04JXpI7rbB9r08/nkbysKoya9rtDERYOYMA=="
  "resolved" "https://registry.npmjs.org/p-map/-/p-map-7.0.3.tgz"
  "version" "7.0.3"

"resolve-pkg-maps@^1.0.0":
  "integrity" "sha512-seS2Tj26TBVOC2NIc2rOe2y2ZO7efxITtLZcGSOnHHNOQ7CkiUBfw0Iw2ck6xkIhPwLhKNLS8BO+hEpngQlqzw=="
  "resolved" "https://registry.npmjs.org/resolve-pkg-maps/-/resolve-pkg-maps-1.0.0.tgz"
  "version" "1.0.0"

"resolve.exports@^2.0.3":
  "integrity" "sha512-OcXjMsGdhL4XnbShKpAcSqPMzQoYkYyhbEaeSko47MjRP9NfEQMhZkXL1DoFlt9LWQn4YttrdnV6X2OiyzBi+A=="
  "resolved" "https://registry.npmjs.org/resolve.exports/-/resolve.exports-2.0.3.tgz"
  "version" "2.0.3"

"rfdc@^1.3.1":
  "integrity" "sha512-q1b3N5QkRUWUl7iyylaaj3kOpIT0N2i9MqIEQXP73GVsN9cw3fdx8X63cEmWhJGi2PPCF23Ijp7ktmd39rawIA=="
  "resolved" "https://registry.npmjs.org/rfdc/-/rfdc-1.4.1.tgz"
  "version" "1.4.1"

"semver@^7.6.3":
  "integrity" "sha512-RF0Fw+rO5AMf9MAyaRXI4AV0Ulj5lMHqVxxdSgiVbixSCXoEmmX/jk0CuJw4+3SqroYO9VoUh+HcuJivvtJemA=="
  "resolved" "https://registry.npmjs.org/semver/-/semver-7.7.2.tgz"
  "version" "7.7.2"

"solady@0.0.180":
  "integrity" "sha512-9QVCyMph+wk78Aq/GxtDAQg7dvNoVWx2dS2Zwf11XlwFKDZ+YJG2lrQsK9NEIth9NOebwjBXAYk4itdwOOE4aw=="
  "resolved" "https://registry.npmjs.org/solady/-/solady-0.0.180.tgz"
  "version" "0.0.180"

"tsx@^4.19.3":
  "integrity" "sha512-+wKjMNU9w/EaQayHXb7WA7ZaHY6hN8WgfvHNQ3t1PnU91/7O8TcTnIhCDYTZwnt8JsO9IBqZ30Ln1r7pPF52Aw=="
  "resolved" "https://registry.npmjs.org/tsx/-/tsx-4.20.5.tgz"
  "version" "4.20.5"
  dependencies:
    "esbuild" "~0.25.0"
    "get-tsconfig" "^4.7.5"
  optionalDependencies:
    "fsevents" "~2.3.3"

"undici@^6.16.1":
  "integrity" "sha512-gBLkYIlEnSp8pFbT64yFgGE6UIB9tAkhukC23PmMDCe5Nd+cRqKxSjw5y54MK2AZMgZfJWMaNE4nYUHgi1XEOw=="
  "resolved" "https://registry.npmjs.org/undici/-/undici-6.21.3.tgz"
  "version" "6.21.3"

"ws@^8.18.0":
  "integrity" "sha512-PEIGCY5tSlUt50cqyMXfCzX+oOPqN0vuGqWzbcJ2xvnkzkq46oOpz7dQaTDBdfICb4N14+GARUDw2XV2N4tvzg=="
  "resolved" "https://registry.npmjs.org/ws/-/ws-8.18.3.tgz"
  "version" "8.18.3"

"zod@^3.23.8":
  "integrity" "sha512-gzUt/qt81nXsFGKIFcC3YnfEAx5NkunCfnDlvuBSSFS02bcXu4Lmea0AFIUwbLWxWPx3d9p8S5QoaujKcNQxcQ=="
  "resolved" "https://registry.npmjs.org/zod/-/zod-3.25.76.tgz"
  "version" "3.25.76"
